
Microsoft Visual Studio Solution File, Format Version 12.00
# Visual Studio Version 17
VisualStudioVersion = 17.8.34330.188
MinimumVisualStudioVersion = 10.0.40219.1
Project("{FAE04EC0-301F-11D3-BF4B-00C04F79EFBC}") = "ReactApp1.Server", "ReactApp1.Server\ReactApp1.Server.csproj", "{B18ADED6-3319-4D99-AA30-2FAA0625E630}"
EndProject
Project("{54A90642-561A-4BB1-A94E-469ADEE60C69}") = "reactapp1.client", "reactapp1.client\reactapp1.client.esproj", "{D58BBABD-1C3D-47B6-B018-5DCE4DABCA21}"
EndProject
Global
	GlobalSection(SolutionConfigurationPlatforms) = preSolution
		Debug|Any CPU = Debug|Any CPU
		Release|Any CPU = Release|Any CPU
	EndGlobalSection
	GlobalSection(ProjectConfigurationPlatforms) = postSolution
		{B18ADED6-3319-4D99-AA30-2FAA0625E630}.Debug|Any CPU.ActiveCfg = Debug|Any CPU
		{B18ADED6-3319-4D99-AA30-2FAA0625E630}.Debug|Any CPU.Build.0 = Debug|Any CPU
		{B18ADED6-3319-4D99-AA30-2FAA0625E630}.Release|Any CPU.ActiveCfg = Release|Any CPU
		{B18ADED6-3319-4D99-AA30-2FAA0625E630}.Release|Any CPU.Build.0 = Release|Any CPU
		{D58BBABD-1C3D-47B6-B018-5DCE4DABCA21}.Debug|Any CPU.ActiveCfg = Debug|Any CPU
		{D58BBABD-1C3D-47B6-B018-5DCE4DABCA21}.Debug|Any CPU.Build.0 = Debug|Any CPU
		{D58BBABD-1C3D-47B6-B018-5DCE4DABCA21}.Debug|Any CPU.Deploy.0 = Debug|Any CPU
		{D58BBABD-1C3D-47B6-B018-5DCE4DABCA21}.Release|Any CPU.ActiveCfg = Release|Any CPU
		{D58BBABD-1C3D-47B6-B018-5DCE4DABCA21}.Release|Any CPU.Build.0 = Release|Any CPU
		{D58BBABD-1C3D-47B6-B018-5DCE4DABCA21}.Release|Any CPU.Deploy.0 = Release|Any CPU
	EndGlobalSection
	GlobalSection(SolutionProperties) = preSolution
		HideSolutionNode = FALSE
	EndGlobalSection
	GlobalSection(ExtensibilityGlobals) = postSolution
		SolutionGuid = {D4FF471D-C7BB-466D-8343-ACE005A2D7F6}
	EndGlobalSection
EndGlobal
